Microsoft Visual Studio Solution File, Format Version 12.00
# Visual Studio Version 17
VisualStudioVersion = 17.5.2.0
MinimumVisualStudioVersion = 10.0.40219.1
Project("{FAE04EC0-301F-11D3-BF4B-00C04F79EFBC}") = "LearningAZ007", "LearningAZ007.csproj", "{CC99F9AF-B526-9395-3427-E0990D7AECFA}"
EndProject
Global
	GlobalSection(SolutionConfigurationPlatforms) = preSolution
		Debug|Any CPU = Debug|Any CPU
		Release|Any CPU = Release|Any CPU
	EndGlobalSection
	GlobalSection(ProjectConfigurationPlatforms) = postSolution
		{CC99F9AF-B526-9395-3427-E0990D7AECFA}.Debug|Any CPU.ActiveCfg = Debug|Any CPU
		{CC99F9AF-B526-9395-3427-E0990D7AECFA}.Debug|Any CPU.Build.0 = Debug|Any CPU
		{CC99F9AF-B526-9395-3427-E0990D7AECFA}.Release|Any CPU.ActiveCfg = Release|Any CPU
		{CC99F9AF-B526-9395-3427-E0990D7AECFA}.Release|Any CPU.Build.0 = Release|Any CPU
	EndGlobalSection
	GlobalSection(SolutionProperties) = preSolution
		HideSolutionNode = FALSE
	EndGlobalSection
	GlobalSection(ExtensibilityGlobals) = postSolution
		SolutionGuid = {C1E0D641-80D2-4176-8454-10F3EB9FBEE7}
	EndGlobalSection
EndGlobal
